{
  "name": "TestFramework",
  "lockfileVersion": 3,
  "requires": true,
  "packages": {
    "": {
      "dependencies": {
        "drawflow": "^0.0.59"
      }
    },
    "node_modules/drawflow": {
      "version": "0.0.59",
      "resolved": "https://registry.npmmirror.com/drawflow/-/drawflow-0.0.59.tgz",
      "integrity": "sha512-HJM/8trYzignViTMzUSpskRclDhE62jM6oxjgqEJQBbkX9QvDG7JJwRlvdjqnjfL192Pdb0aIysrZMUqG8/vyg=="
    }
  }
}
